
Microsoft Visual Studio Solution File, Format Version 12.00
# Visual Studio Version 17
VisualStudioVersion = 17.5.33326.253
MinimumVisualStudioVersion = 10.0.40219.1
Project("{2150E333-8FDC-42A3-9474-1A3956D46DE8}") = "Lantern", "Lantern", "{9804F86B-C6BF-4D3D-B32B-68D95E8D6254}"
EndProject
Project("{9A19103F-16F7-4668-BE54-9A1E7A4F7556}") = "Lantern.Core", "Lantern.Core\Lantern.Core.csproj", "{E8E2CB74-EDDB-460F-8665-E8258575364A}"
EndProject
Project("{2150E333-8FDC-42A3-9474-1A3956D46DE8}") = "test", "test", "{07E6FD3A-2784-4E50-9683-CD1041BE4C66}"
EndProject
Project("{9A19103F-16F7-4668-BE54-9A1E7A4F7556}") = "Lantern.WebAppTest", "Lantern.WebAppTest\Lantern.WebAppTest.csproj", "{C3CAEB8D-9B91-4407-9513-862B4B60FB3A}"
EndProject
Project("{9A19103F-16F7-4668-BE54-9A1E7A4F7556}") = "Lantern.Win32", "Lantern.Win32\Lantern.Win32.csproj", "{40209D8E-3CDF-4E9D-97E0-48939F9EB841}"
EndProject
Project("{9A19103F-16F7-4668-BE54-9A1E7A4F7556}") = "Lantern", "Lantern\Lantern.csproj", "{35B1DB04-C34C-43C4-BCF9-633C226B82B7}"
EndProject
Project("{9A19103F-16F7-4668-BE54-9A1E7A4F7556}") = "Lantern.AsServices.WinFormTest", "Lantern.AsServices.WinFormTest\Lantern.AsServices.WinFormTest.csproj", "{61831E91-F64E-4A65-82C2-0B3B438C162D}"
EndProject
Project("{9A19103F-16F7-4668-BE54-9A1E7A4F7556}") = "WinFormsApp1", "WinFormsApp1\WinFormsApp1.csproj", "{D4380868-6BBE-4280-A8C2-43C223C80CDB}"
EndProject
Project("{9A19103F-16F7-4668-BE54-9A1E7A4F7556}") = "ConsoleApp1", "ConsoleApp1\ConsoleApp1.csproj", "{A0787E4F-2F66-4AB2-94A8-2631E1A6C8D2}"
EndProject
Project("{9A19103F-16F7-4668-BE54-9A1E7A4F7556}") = "Lantern.App.ConsoleTest", "Lantern.App.ConsoleTest\Lantern.App.ConsoleTest.csproj", "{CFFF313D-46BB-43B2-BB15-5BECD74BA87F}"
EndProject
Project("{9A19103F-16F7-4668-BE54-9A1E7A4F7556}") = "Lantern.AsService", "Lantern.AsService\Lantern.AsService.csproj", "{619B8387-1A7B-4E78-BD20-014F03416E46}"
EndProject
Project("{9A19103F-16F7-4668-BE54-9A1E7A4F7556}") = "Lantern.Base", "Lantern.Base\Lantern.Base.csproj", "{8AA0F114-738A-44A4-ACB3-93BB1A0EB33A}"
EndProject
Project("{2150E333-8FDC-42A3-9474-1A3956D46DE8}") = "Aus", "Aus", "{79651F74-5C3E-431D-B868-553C0613893E}"
EndProject
Project("{9A19103F-16F7-4668-BE54-9A1E7A4F7556}") = "Lantern.Aus", "Lantern.Aus\Lantern.Aus.csproj", "{ED98782E-3B44-4C02-9ED6-7BBFFF9C7B1B}"
EndProject
Project("{9A19103F-16F7-4668-BE54-9A1E7A4F7556}") = "Lantern.Aus.Common", "Lantern.Aus.Common\Lantern.Aus.Common.csproj", "{93B94292-4778-4FF9-8001-282734BB4D14}"
EndProject
Project("{9A19103F-16F7-4668-BE54-9A1E7A4F7556}") = "Lantern.Aus.Updater", "Lantern.Aus.Updater\Lantern.Aus.Updater.csproj", "{BC1B6CA1-8CE9-45E8-89DE-E5F0CD87B89B}"
EndProject
Project("{9A19103F-16F7-4668-BE54-9A1E7A4F7556}") = "Lantern.Aus.Server", "Lantern.Aus.Server\Lantern.Aus.Server.csproj", "{C07D42B2-A668-4F17-80FE-67673D55B8CC}"
EndProject
Project("{9A19103F-16F7-4668-BE54-9A1E7A4F7556}") = "Lantern.Aus.Server.Host", "Lantern.Aus.Server.Host\Lantern.Aus.Server.Host.csproj", "{AA7A1CAB-B895-40F2-8A0B-D3C308DE52DA}"
EndProject
Project("{2150E333-8FDC-42A3-9474-1A3956D46DE8}") = "samples", "samples", "{F3D0CEA8-FA46-4E23-AAFE-68977D4CA5F1}"
EndProject
Project("{9A19103F-16F7-4668-BE54-9A1E7A4F7556}") = "Lantern.App.MinimumSample", "Lantern.App.MinimumSample\Lantern.App.MinimumSample.csproj", "{D9EE94B8-5492-4E4B-887A-460DE5D4D0E9}"
EndProject
Project("{9A19103F-16F7-4668-BE54-9A1E7A4F7556}") = "Lantern.Cli", "Lantern.Cli\Lantern.Cli.csproj", "{85A64FE9-28BF-4465-B93F-F220ABFBE8C4}"
EndProject
Project("{FAE04EC0-301F-11D3-BF4B-00C04F79EFBC}") = "Templete", "Templete\Templete.csproj", "{7911A2FF-8D22-427D-9E51-B3B5519F2B49}"
EndProject
Global
	GlobalSection(SolutionConfigurationPlatforms) = preSolution
		Debug|Any CPU = Debug|Any CPU
		Release|Any CPU = Release|Any CPU
	EndGlobalSection
	GlobalSection(ProjectConfigurationPlatforms) = postSolution
		{E8E2CB74-EDDB-460F-8665-E8258575364A}.Debug|Any CPU.ActiveCfg = Debug|Any CPU
		{E8E2CB74-EDDB-460F-8665-E8258575364A}.Debug|Any CPU.Build.0 = Debug|Any CPU
		{E8E2CB74-EDDB-460F-8665-E8258575364A}.Release|Any CPU.ActiveCfg = Release|Any CPU
		{E8E2CB74-EDDB-460F-8665-E8258575364A}.Release|Any CPU.Build.0 = Release|Any CPU
		{C3CAEB8D-9B91-4407-9513-862B4B60FB3A}.Debug|Any CPU.ActiveCfg = Debug|Any CPU
		{C3CAEB8D-9B91-4407-9513-862B4B60FB3A}.Debug|Any CPU.Build.0 = Debug|Any CPU
		{C3CAEB8D-9B91-4407-9513-862B4B60FB3A}.Release|Any CPU.ActiveCfg = Release|Any CPU
		{C3CAEB8D-9B91-4407-9513-862B4B60FB3A}.Release|Any CPU.Build.0 = Release|Any CPU
		{40209D8E-3CDF-4E9D-97E0-48939F9EB841}.Debug|Any CPU.ActiveCfg = Debug|Any CPU
		{40209D8E-3CDF-4E9D-97E0-48939F9EB841}.Debug|Any CPU.Build.0 = Debug|Any CPU
		{40209D8E-3CDF-4E9D-97E0-48939F9EB841}.Release|Any CPU.ActiveCfg = Release|Any CPU
		{40209D8E-3CDF-4E9D-97E0-48939F9EB841}.Release|Any CPU.Build.0 = Release|Any CPU
		{35B1DB04-C34C-43C4-BCF9-633C226B82B7}.Debug|Any CPU.ActiveCfg = Debug|Any CPU
		{35B1DB04-C34C-43C4-BCF9-633C226B82B7}.Debug|Any CPU.Build.0 = Debug|Any CPU
		{35B1DB04-C34C-43C4-BCF9-633C226B82B7}.Release|Any CPU.ActiveCfg = Release|Any CPU
		{35B1DB04-C34C-43C4-BCF9-633C226B82B7}.Release|Any CPU.Build.0 = Release|Any CPU
		{61831E91-F64E-4A65-82C2-0B3B438C162D}.Debug|Any CPU.ActiveCfg = Debug|Any CPU
		{61831E91-F64E-4A65-82C2-0B3B438C162D}.Debug|Any CPU.Build.0 = Debug|Any CPU
		{61831E91-F64E-4A65-82C2-0B3B438C162D}.Release|Any CPU.ActiveCfg = Release|Any CPU
		{61831E91-F64E-4A65-82C2-0B3B438C162D}.Release|Any CPU.Build.0 = Release|Any CPU
		{D4380868-6BBE-4280-A8C2-43C223C80CDB}.Debug|Any CPU.ActiveCfg = Debug|Any CPU
		{D4380868-6BBE-4280-A8C2-43C223C80CDB}.Debug|Any CPU.Build.0 = Debug|Any CPU
		{D4380868-6BBE-4280-A8C2-43C223C80CDB}.Release|Any CPU.ActiveCfg = Release|Any CPU
		{D4380868-6BBE-4280-A8C2-43C223C80CDB}.Release|Any CPU.Build.0 = Release|Any CPU
		{A0787E4F-2F66-4AB2-94A8-2631E1A6C8D2}.Debug|Any CPU.ActiveCfg = Debug|Any CPU
		{A0787E4F-2F66-4AB2-94A8-2631E1A6C8D2}.Debug|Any CPU.Build.0 = Debug|Any CPU
		{A0787E4F-2F66-4AB2-94A8-2631E1A6C8D2}.Release|Any CPU.ActiveCfg = Release|Any CPU
		{A0787E4F-2F66-4AB2-94A8-2631E1A6C8D2}.Release|Any CPU.Build.0 = Release|Any CPU
		{CFFF313D-46BB-43B2-BB15-5BECD74BA87F}.Debug|Any CPU.ActiveCfg = Debug|Any CPU
		{CFFF313D-46BB-43B2-BB15-5BECD74BA87F}.Debug|Any CPU.Build.0 = Debug|Any CPU
		{CFFF313D-46BB-43B2-BB15-5BECD74BA87F}.Release|Any CPU.ActiveCfg = Release|Any CPU
		{CFFF313D-46BB-43B2-BB15-5BECD74BA87F}.Release|Any CPU.Build.0 = Release|Any CPU
		{619B8387-1A7B-4E78-BD20-014F03416E46}.Debug|Any CPU.ActiveCfg = Debug|Any CPU
		{619B8387-1A7B-4E78-BD20-014F03416E46}.Debug|Any CPU.Build.0 = Debug|Any CPU
		{619B8387-1A7B-4E78-BD20-014F03416E46}.Release|Any CPU.ActiveCfg = Release|Any CPU
		{619B8387-1A7B-4E78-BD20-014F03416E46}.Release|Any CPU.Build.0 = Release|Any CPU
		{8AA0F114-738A-44A4-ACB3-93BB1A0EB33A}.Debug|Any CPU.ActiveCfg = Debug|Any CPU
		{8AA0F114-738A-44A4-ACB3-93BB1A0EB33A}.Debug|Any CPU.Build.0 = Debug|Any CPU
		{8AA0F114-738A-44A4-ACB3-93BB1A0EB33A}.Release|Any CPU.ActiveCfg = Release|Any CPU
		{8AA0F114-738A-44A4-ACB3-93BB1A0EB33A}.Release|Any CPU.Build.0 = Release|Any CPU
		{ED98782E-3B44-4C02-9ED6-7BBFFF9C7B1B}.Debug|Any CPU.ActiveCfg = Debug|Any CPU
		{ED98782E-3B44-4C02-9ED6-7BBFFF9C7B1B}.Debug|Any CPU.Build.0 = Debug|Any CPU
		{ED98782E-3B44-4C02-9ED6-7BBFFF9C7B1B}.Release|Any CPU.ActiveCfg = Release|Any CPU
		{ED98782E-3B44-4C02-9ED6-7BBFFF9C7B1B}.Release|Any CPU.Build.0 = Release|Any CPU
		{93B94292-4778-4FF9-8001-282734BB4D14}.Debug|Any CPU.ActiveCfg = Debug|Any CPU
		{93B94292-4778-4FF9-8001-282734BB4D14}.Debug|Any CPU.Build.0 = Debug|Any CPU
		{93B94292-4778-4FF9-8001-282734BB4D14}.Release|Any CPU.ActiveCfg = Release|Any CPU
		{93B94292-4778-4FF9-8001-282734BB4D14}.Release|Any CPU.Build.0 = Release|Any CPU
		{BC1B6CA1-8CE9-45E8-89DE-E5F0CD87B89B}.Debug|Any CPU.ActiveCfg = Debug|Any CPU
		{BC1B6CA1-8CE9-45E8-89DE-E5F0CD87B89B}.Debug|Any CPU.Build.0 = Debug|Any CPU
		{BC1B6CA1-8CE9-45E8-89DE-E5F0CD87B89B}.Release|Any CPU.ActiveCfg = Release|Any CPU
		{BC1B6CA1-8CE9-45E8-89DE-E5F0CD87B89B}.Release|Any CPU.Build.0 = Release|Any CPU
		{C07D42B2-A668-4F17-80FE-67673D55B8CC}.Debug|Any CPU.ActiveCfg = Debug|Any CPU
		{C07D42B2-A668-4F17-80FE-67673D55B8CC}.Debug|Any CPU.Build.0 = Debug|Any CPU
		{C07D42B2-A668-4F17-80FE-67673D55B8CC}.Release|Any CPU.ActiveCfg = Release|Any CPU
		{C07D42B2-A668-4F17-80FE-67673D55B8CC}.Release|Any CPU.Build.0 = Release|Any CPU
		{AA7A1CAB-B895-40F2-8A0B-D3C308DE52DA}.Debug|Any CPU.ActiveCfg = Debug|Any CPU
		{AA7A1CAB-B895-40F2-8A0B-D3C308DE52DA}.Debug|Any CPU.Build.0 = Debug|Any CPU
		{AA7A1CAB-B895-40F2-8A0B-D3C308DE52DA}.Release|Any CPU.ActiveCfg = Release|Any CPU
		{AA7A1CAB-B895-40F2-8A0B-D3C308DE52DA}.Release|Any CPU.Build.0 = Release|Any CPU
		{D9EE94B8-5492-4E4B-887A-460DE5D4D0E9}.Debug|Any CPU.ActiveCfg = Debug|Any CPU
		{D9EE94B8-5492-4E4B-887A-460DE5D4D0E9}.Debug|Any CPU.Build.0 = Debug|Any CPU
		{D9EE94B8-5492-4E4B-887A-460DE5D4D0E9}.Release|Any CPU.ActiveCfg = Release|Any CPU
		{D9EE94B8-5492-4E4B-887A-460DE5D4D0E9}.Release|Any CPU.Build.0 = Release|Any CPU
		{85A64FE9-28BF-4465-B93F-F220ABFBE8C4}.Debug|Any CPU.ActiveCfg = Debug|Any CPU
		{85A64FE9-28BF-4465-B93F-F220ABFBE8C4}.Debug|Any CPU.Build.0 = Debug|Any CPU
		{85A64FE9-28BF-4465-B93F-F220ABFBE8C4}.Release|Any CPU.ActiveCfg = Release|Any CPU
		{85A64FE9-28BF-4465-B93F-F220ABFBE8C4}.Release|Any CPU.Build.0 = Release|Any CPU
		{7911A2FF-8D22-427D-9E51-B3B5519F2B49}.Debug|Any CPU.ActiveCfg = Debug|Any CPU
		{7911A2FF-8D22-427D-9E51-B3B5519F2B49}.Debug|Any CPU.Build.0 = Debug|Any CPU
		{7911A2FF-8D22-427D-9E51-B3B5519F2B49}.Release|Any CPU.ActiveCfg = Release|Any CPU
		{7911A2FF-8D22-427D-9E51-B3B5519F2B49}.Release|Any CPU.Build.0 = Release|Any CPU
	EndGlobalSection
	GlobalSection(SolutionProperties) = preSolution
		HideSolutionNode = FALSE
	EndGlobalSection
	GlobalSection(NestedProjects) = preSolution
		{E8E2CB74-EDDB-460F-8665-E8258575364A} = {9804F86B-C6BF-4D3D-B32B-68D95E8D6254}
		{C3CAEB8D-9B91-4407-9513-862B4B60FB3A} = {07E6FD3A-2784-4E50-9683-CD1041BE4C66}
		{40209D8E-3CDF-4E9D-97E0-48939F9EB841} = {9804F86B-C6BF-4D3D-B32B-68D95E8D6254}
		{35B1DB04-C34C-43C4-BCF9-633C226B82B7} = {9804F86B-C6BF-4D3D-B32B-68D95E8D6254}
		{61831E91-F64E-4A65-82C2-0B3B438C162D} = {07E6FD3A-2784-4E50-9683-CD1041BE4C66}
		{D4380868-6BBE-4280-A8C2-43C223C80CDB} = {07E6FD3A-2784-4E50-9683-CD1041BE4C66}
		{A0787E4F-2F66-4AB2-94A8-2631E1A6C8D2} = {07E6FD3A-2784-4E50-9683-CD1041BE4C66}
		{CFFF313D-46BB-43B2-BB15-5BECD74BA87F} = {07E6FD3A-2784-4E50-9683-CD1041BE4C66}
		{619B8387-1A7B-4E78-BD20-014F03416E46} = {9804F86B-C6BF-4D3D-B32B-68D95E8D6254}
		{8AA0F114-738A-44A4-ACB3-93BB1A0EB33A} = {9804F86B-C6BF-4D3D-B32B-68D95E8D6254}
		{ED98782E-3B44-4C02-9ED6-7BBFFF9C7B1B} = {79651F74-5C3E-431D-B868-553C0613893E}
		{93B94292-4778-4FF9-8001-282734BB4D14} = {79651F74-5C3E-431D-B868-553C0613893E}
		{BC1B6CA1-8CE9-45E8-89DE-E5F0CD87B89B} = {79651F74-5C3E-431D-B868-553C0613893E}
		{C07D42B2-A668-4F17-80FE-67673D55B8CC} = {79651F74-5C3E-431D-B868-553C0613893E}
		{AA7A1CAB-B895-40F2-8A0B-D3C308DE52DA} = {79651F74-5C3E-431D-B868-553C0613893E}
		{D9EE94B8-5492-4E4B-887A-460DE5D4D0E9} = {F3D0CEA8-FA46-4E23-AAFE-68977D4CA5F1}
	EndGlobalSection
	GlobalSection(ExtensibilityGlobals) = postSolution
		SolutionGuid = {C340BA8F-6721-4A7C-946E-0BB8C058CCD9}
	EndGlobalSection
EndGlobal
